
Microsoft Visual Studio Solution File, Format Version 12.00
Project("{FAE04EC0-301F-11D3-BF4B-00C04F79EFBC}") = "DevWeb_23774_25961", "DevWeb_23774_25961\DevWeb_23774_25961.csproj", "{1ED0A4C7-3DA1-453D-9F16-C4A3A32FD564}"
EndProject
Global
	GlobalSection(SolutionConfigurationPlatforms) = preSolution
		Debug|Any CPU = Debug|Any CPU
		Release|Any CPU = Release|Any CPU
	EndGlobalSection
	GlobalSection(ProjectConfigurationPlatforms) = postSolution
		{1ED0A4C7-3DA1-453D-9F16-C4A3A32FD564}.Debug|Any CPU.ActiveCfg = Debug|Any CPU
		{1ED0A4C7-3DA1-453D-9F16-C4A3A32FD564}.Debug|Any CPU.Build.0 = Debug|Any CPU
		{1ED0A4C7-3DA1-453D-9F16-C4A3A32FD564}.Release|Any CPU.ActiveCfg = Release|Any CPU
		{1ED0A4C7-3DA1-453D-9F16-C4A3A32FD564}.Release|Any CPU.Build.0 = Release|Any CPU
	EndGlobalSection
EndGlobal
